{
  "name": "xianjiawei-internal-public-runtime",
  "version": "1.1.1",
  "lockfileVersion": 3,
  "requires": true,
  "packages": {
    "": {
      "name": "xianjiawei-internal-public-runtime",
      "version": "1.1.1",
      "dependencies": {
        "jose": "6.0.0"
      },
      "devDependencies": {
        "wrangler": "4.0.0"
      }
    }
  }
}
